
Microsoft Visual Studio Solution File, Format Version 12.00
# Visual Studio Version 16
VisualStudioVersion = 16.0.29519.181
MinimumVisualStudioVersion = 15.0.26124.0
Project("{9A19103F-16F7-4668-BE54-9A1E7A4F7556}") = "ForumSiteCore.DAL", "ForumSiteCore.DAL\ForumSiteCore.DAL.csproj", "{37767BCF-1305-4CC5-9DC2-22DC91CD5D86}"
EndProject
Project("{9A19103F-16F7-4668-BE54-9A1E7A4F7556}") = "ForumSiteCore.Business", "ForumSiteCore.Business\ForumSiteCore.Business.csproj", "{7EB32B12-C555-45E2-B458-FED2B8C0AADF}"
EndProject
Project("{9A19103F-16F7-4668-BE54-9A1E7A4F7556}") = "ForumSiteCore.Utility", "ForumSiteCore.Utility\ForumSiteCore.Utility.csproj", "{F43CF67D-9125-4FC4-9784-B2E8A0D58BEC}"
EndProject
Project("{9A19103F-16F7-4668-BE54-9A1E7A4F7556}") = "ForumSiteCore.Web", "ForumSiteCore.Web\ForumSiteCore.Web.csproj", "{BED2D54A-4E7D-424C-9F84-5CB7937539F2}"
EndProject
Project("{9A19103F-16F7-4668-BE54-9A1E7A4F7556}") = "ForumSiteCore.BlazorWasm.Server", "ForumSiteCore.BlazorWasm\Server\ForumSiteCore.BlazorWasm.Server.csproj", "{2274A1CE-C8C2-436A-838C-E01CE0E5E572}"
EndProject
Project("{9A19103F-16F7-4668-BE54-9A1E7A4F7556}") = "ForumSiteCore.BlazorWasm.Client", "ForumSiteCore.BlazorWasm\Client\ForumSiteCore.BlazorWasm.Client.csproj", "{56E2F664-59FF-4D95-A8B0-63BAB8A7E82D}"
EndProject
Project("{9A19103F-16F7-4668-BE54-9A1E7A4F7556}") = "ForumSiteCore.BlazorWasm.Shared", "ForumSiteCore.BlazorWasm\Shared\ForumSiteCore.BlazorWasm.Shared.csproj", "{89C4DD9F-7495-4AB5-9322-11E42F9EA9DE}"
EndProject
Global
	GlobalSection(SolutionConfigurationPlatforms) = preSolution
		Debug|Any CPU = Debug|Any CPU
		Debug|x64 = Debug|x64
		Debug|x86 = Debug|x86
		Release|Any CPU = Release|Any CPU
		Release|x64 = Release|x64
		Release|x86 = Release|x86
	EndGlobalSection
	GlobalSection(ProjectConfigurationPlatforms) = postSolution
		{37767BCF-1305-4CC5-9DC2-22DC91CD5D86}.Debug|Any CPU.ActiveCfg = Debug|Any CPU
		{37767BCF-1305-4CC5-9DC2-22DC91CD5D86}.Debug|Any CPU.Build.0 = Debug|Any CPU
		{37767BCF-1305-4CC5-9DC2-22DC91CD5D86}.Debug|x64.ActiveCfg = Debug|Any CPU
		{37767BCF-1305-4CC5-9DC2-22DC91CD5D86}.Debug|x64.Build.0 = Debug|Any CPU
		{37767BCF-1305-4CC5-9DC2-22DC91CD5D86}.Debug|x86.ActiveCfg = Debug|Any CPU
		{37767BCF-1305-4CC5-9DC2-22DC91CD5D86}.Debug|x86.Build.0 = Debug|Any CPU
		{37767BCF-1305-4CC5-9DC2-22DC91CD5D86}.Release|Any CPU.ActiveCfg = Release|Any CPU
		{37767BCF-1305-4CC5-9DC2-22DC91CD5D86}.Release|Any CPU.Build.0 = Release|Any CPU
		{37767BCF-1305-4CC5-9DC2-22DC91CD5D86}.Release|x64.ActiveCfg = Release|Any CPU
		{37767BCF-1305-4CC5-9DC2-22DC91CD5D86}.Release|x64.Build.0 = Release|Any CPU
		{37767BCF-1305-4CC5-9DC2-22DC91CD5D86}.Release|x86.ActiveCfg = Release|Any CPU
		{37767BCF-1305-4CC5-9DC2-22DC91CD5D86}.Release|x86.Build.0 = Release|Any CPU
		{7EB32B12-C555-45E2-B458-FED2B8C0AADF}.Debug|Any CPU.ActiveCfg = Debug|Any CPU
		{7EB32B12-C555-45E2-B458-FED2B8C0AADF}.Debug|Any CPU.Build.0 = Debug|Any CPU
		{7EB32B12-C555-45E2-B458-FED2B8C0AADF}.Debug|x64.ActiveCfg = Debug|Any CPU
		{7EB32B12-C555-45E2-B458-FED2B8C0AADF}.Debug|x64.Build.0 = Debug|Any CPU
		{7EB32B12-C555-45E2-B458-FED2B8C0AADF}.Debug|x86.ActiveCfg = Debug|Any CPU
		{7EB32B12-C555-45E2-B458-FED2B8C0AADF}.Debug|x86.Build.0 = Debug|Any CPU
		{7EB32B12-C555-45E2-B458-FED2B8C0AADF}.Release|Any CPU.ActiveCfg = Release|Any CPU
		{7EB32B12-C555-45E2-B458-FED2B8C0AADF}.Release|Any CPU.Build.0 = Release|Any CPU
		{7EB32B12-C555-45E2-B458-FED2B8C0AADF}.Release|x64.ActiveCfg = Release|Any CPU
		{7EB32B12-C555-45E2-B458-FED2B8C0AADF}.Release|x64.Build.0 = Release|Any CPU
		{7EB32B12-C555-45E2-B458-FED2B8C0AADF}.Release|x86.ActiveCfg = Release|Any CPU
		{7EB32B12-C555-45E2-B458-FED2B8C0AADF}.Release|x86.Build.0 = Release|Any CPU
		{F43CF67D-9125-4FC4-9784-B2E8A0D58BEC}.Debug|Any CPU.ActiveCfg = Debug|Any CPU
		{F43CF67D-9125-4FC4-9784-B2E8A0D58BEC}.Debug|Any CPU.Build.0 = Debug|Any CPU
		{F43CF67D-9125-4FC4-9784-B2E8A0D58BEC}.Debug|x64.ActiveCfg = Debug|Any CPU
		{F43CF67D-9125-4FC4-9784-B2E8A0D58BEC}.Debug|x64.Build.0 = Debug|Any CPU
		{F43CF67D-9125-4FC4-9784-B2E8A0D58BEC}.Debug|x86.ActiveCfg = Debug|Any CPU
		{F43CF67D-9125-4FC4-9784-B2E8A0D58BEC}.Debug|x86.Build.0 = Debug|Any CPU
		{F43CF67D-9125-4FC4-9784-B2E8A0D58BEC}.Release|Any CPU.ActiveCfg = Release|Any CPU
		{F43CF67D-9125-4FC4-9784-B2E8A0D58BEC}.Release|Any CPU.Build.0 = Release|Any CPU
		{F43CF67D-9125-4FC4-9784-B2E8A0D58BEC}.Release|x64.ActiveCfg = Release|Any CPU
		{F43CF67D-9125-4FC4-9784-B2E8A0D58BEC}.Release|x64.Build.0 = Release|Any CPU
		{F43CF67D-9125-4FC4-9784-B2E8A0D58BEC}.Release|x86.ActiveCfg = Release|Any CPU
		{F43CF67D-9125-4FC4-9784-B2E8A0D58BEC}.Release|x86.Build.0 = Release|Any CPU
		{BED2D54A-4E7D-424C-9F84-5CB7937539F2}.Debug|Any CPU.ActiveCfg = Debug|Any CPU
		{BED2D54A-4E7D-424C-9F84-5CB7937539F2}.Debug|Any CPU.Build.0 = Debug|Any CPU
		{BED2D54A-4E7D-424C-9F84-5CB7937539F2}.Debug|x64.ActiveCfg = Debug|Any CPU
		{BED2D54A-4E7D-424C-9F84-5CB7937539F2}.Debug|x64.Build.0 = Debug|Any CPU
		{BED2D54A-4E7D-424C-9F84-5CB7937539F2}.Debug|x86.ActiveCfg = Debug|Any CPU
		{BED2D54A-4E7D-424C-9F84-5CB7937539F2}.Debug|x86.Build.0 = Debug|Any CPU
		{BED2D54A-4E7D-424C-9F84-5CB7937539F2}.Release|Any CPU.ActiveCfg = Release|Any CPU
		{BED2D54A-4E7D-424C-9F84-5CB7937539F2}.Release|Any CPU.Build.0 = Release|Any CPU
		{BED2D54A-4E7D-424C-9F84-5CB7937539F2}.Release|x64.ActiveCfg = Release|Any CPU
		{BED2D54A-4E7D-424C-9F84-5CB7937539F2}.Release|x64.Build.0 = Release|Any CPU
		{BED2D54A-4E7D-424C-9F84-5CB7937539F2}.Release|x86.ActiveCfg = Release|Any CPU
		{BED2D54A-4E7D-424C-9F84-5CB7937539F2}.Release|x86.Build.0 = Release|Any CPU
		{2274A1CE-C8C2-436A-838C-E01CE0E5E572}.Debug|Any CPU.ActiveCfg = Debug|Any CPU
		{2274A1CE-C8C2-436A-838C-E01CE0E5E572}.Debug|Any CPU.Build.0 = Debug|Any CPU
		{2274A1CE-C8C2-436A-838C-E01CE0E5E572}.Debug|x64.ActiveCfg = Debug|Any CPU
		{2274A1CE-C8C2-436A-838C-E01CE0E5E572}.Debug|x64.Build.0 = Debug|Any CPU
		{2274A1CE-C8C2-436A-838C-E01CE0E5E572}.Debug|x86.ActiveCfg = Debug|Any CPU
		{2274A1CE-C8C2-436A-838C-E01CE0E5E572}.Debug|x86.Build.0 = Debug|Any CPU
		{2274A1CE-C8C2-436A-838C-E01CE0E5E572}.Release|Any CPU.ActiveCfg = Release|Any CPU
		{2274A1CE-C8C2-436A-838C-E01CE0E5E572}.Release|Any CPU.Build.0 = Release|Any CPU
		{2274A1CE-C8C2-436A-838C-E01CE0E5E572}.Release|x64.ActiveCfg = Release|Any CPU
		{2274A1CE-C8C2-436A-838C-E01CE0E5E572}.Release|x64.Build.0 = Release|Any CPU
		{2274A1CE-C8C2-436A-838C-E01CE0E5E572}.Release|x86.ActiveCfg = Release|Any CPU
		{2274A1CE-C8C2-436A-838C-E01CE0E5E572}.Release|x86.Build.0 = Release|Any CPU
		{56E2F664-59FF-4D95-A8B0-63BAB8A7E82D}.Debug|Any CPU.ActiveCfg = Debug|Any CPU
		{56E2F664-59FF-4D95-A8B0-63BAB8A7E82D}.Debug|Any CPU.Build.0 = Debug|Any CPU
		{56E2F664-59FF-4D95-A8B0-63BAB8A7E82D}.Debug|x64.ActiveCfg = Debug|Any CPU
		{56E2F664-59FF-4D95-A8B0-63BAB8A7E82D}.Debug|x64.Build.0 = Debug|Any CPU
		{56E2F664-59FF-4D95-A8B0-63BAB8A7E82D}.Debug|x86.ActiveCfg = Debug|Any CPU
		{56E2F664-59FF-4D95-A8B0-63BAB8A7E82D}.Debug|x86.Build.0 = Debug|Any CPU
		{56E2F664-59FF-4D95-A8B0-63BAB8A7E82D}.Release|Any CPU.ActiveCfg = Release|Any CPU
		{56E2F664-59FF-4D95-A8B0-63BAB8A7E82D}.Release|Any CPU.Build.0 = Release|Any CPU
		{56E2F664-59FF-4D95-A8B0-63BAB8A7E82D}.Release|x64.ActiveCfg = Release|Any CPU
		{56E2F664-59FF-4D95-A8B0-63BAB8A7E82D}.Release|x64.Build.0 = Release|Any CPU
		{56E2F664-59FF-4D95-A8B0-63BAB8A7E82D}.Release|x86.ActiveCfg = Release|Any CPU
		{56E2F664-59FF-4D95-A8B0-63BAB8A7E82D}.Release|x86.Build.0 = Release|Any CPU
		{89C4DD9F-7495-4AB5-9322-11E42F9EA9DE}.Debug|Any CPU.ActiveCfg = Debug|Any CPU
		{89C4DD9F-7495-4AB5-9322-11E42F9EA9DE}.Debug|Any CPU.Build.0 = Debug|Any CPU
		{89C4DD9F-7495-4AB5-9322-11E42F9EA9DE}.Debug|x64.ActiveCfg = Debug|Any CPU
		{89C4DD9F-7495-4AB5-9322-11E42F9EA9DE}.Debug|x64.Build.0 = Debug|Any CPU
		{89C4DD9F-7495-4AB5-9322-11E42F9EA9DE}.Debug|x86.ActiveCfg = Debug|Any CPU
		{89C4DD9F-7495-4AB5-9322-11E42F9EA9DE}.Debug|x86.Build.0 = Debug|Any CPU
		{89C4DD9F-7495-4AB5-9322-11E42F9EA9DE}.Release|Any CPU.ActiveCfg = Release|Any CPU
		{89C4DD9F-7495-4AB5-9322-11E42F9EA9DE}.Release|Any CPU.Build.0 = Release|Any CPU
		{89C4DD9F-7495-4AB5-9322-11E42F9EA9DE}.Release|x64.ActiveCfg = Release|Any CPU
		{89C4DD9F-7495-4AB5-9322-11E42F9EA9DE}.Release|x64.Build.0 = Release|Any CPU
		{89C4DD9F-7495-4AB5-9322-11E42F9EA9DE}.Release|x86.ActiveCfg = Release|Any CPU
		{89C4DD9F-7495-4AB5-9322-11E42F9EA9DE}.Release|x86.Build.0 = Release|Any CPU
	EndGlobalSection
	GlobalSection(SolutionProperties) = preSolution
		HideSolutionNode = FALSE
	EndGlobalSection
	GlobalSection(ExtensibilityGlobals) = postSolution
		SolutionGuid = {E17B906D-FEBE-4597-88A1-ED1EC14D2C05}
	EndGlobalSection
EndGlobal
